// !$*UTF8*$!
{
	archiveVersion = 1;
	classes = {
	};
	objectVersion = 45;
	objects = {

/* Begin PBXBuildFile section */
		1D60589B0D05DD56006BFB54 /* main.m in Sources */ = {isa = PBXBuildFile; fileRef = 29B97316FDCFA39411CA2CEA /* main.m */; };
		1D60589F0D05DD5A006BFB54 /* Foundation.framework in Frameworks */ = {isa = PBXBuildFile; fileRef = 1D30AB110D05D00D00671497 /* Foundation.framework */; };
		1DF5F4E00D08C38300B7A737 /* UIKit.framework in Frameworks */ = {isa = PBXBuildFile; fileRef = 1DF5F4DF0D08C38300B7A737 /* UIKit.framework */; };
		288765080DF74369002DB57D /* CoreGraphics.framework in Frameworks */ = {isa = PBXBuildFile; fileRef = 288765070DF74369002DB57D /* CoreGraphics.framework */; };
		28AD73880D9D96C1002E5188 /* MainWindow.xib in Resources */ = {isa = PBXBuildFile; fileRef = 28AD73870D9D96C1002E5188 /* MainWindow.xib */; };
		B09D78AB1107EEDC004C9922 /* Battle.m in Sources */ = {isa = PBXBuildFile; fileRef = B09D78AA1107EEDC004C9922 /* Battle.m */; };
		D931C3E11106321A0032A3DD /* Engine.m in Sources */ = {isa = PBXBuildFile; fileRef = D931C3E01106321A0032A3DD /* Engine.m */; };
		D931C3E7110632A00032A3DD /* Creature.m in Sources */ = {isa = PBXBuildFile; fileRef = D931C3E6110632A00032A3DD /* Creature.m */; };
		D931C3EA110632B60032A3DD /* Item.m in Sources */ = {isa = PBXBuildFile; fileRef = D931C3E9110632B60032A3DD /* Item.m */; };
		D931C3ED110632DA0032A3DD /* ItemGen.m in Sources */ = {isa = PBXBuildFile; fileRef = D931C3EC110632DA0032A3DD /* ItemGen.m */; };
		D931C40B11063B790032A3DD /* PCBaseViewController.m in Sources */ = {isa = PBXBuildFile; fileRef = D931C40A11063B790032A3DD /* PCBaseViewController.m */; };
		D95F3ADC10FFCE5C00323446 /* CharacterView.m in Sources */ = {isa = PBXBuildFile; fileRef = D95F3ACC10FFCE5C00323446 /* CharacterView.m */; };
		D95F3ADD10FFCE5C00323446 /* CharacterView.xib in Resources */ = {isa = PBXBuildFile; fileRef = D95F3ACD10FFCE5C00323446 /* CharacterView.xib */; };
		D95F3ADE10FFCE5C00323446 /* HomeTabViewController.m in Sources */ = {isa = PBXBuildFile; fileRef = D95F3ACF10FFCE5C00323446 /* HomeTabViewController.m */; };
		D95F3ADF10FFCE5C00323446 /* InventoryView.m in Sources */ = {isa = PBXBuildFile; fileRef = D95F3AD210FFCE5C00323446 /* InventoryView.m */; };
		D95F3AE010FFCE5C00323446 /* InventoryView.xib in Resources */ = {isa = PBXBuildFile; fileRef = D95F3AD310FFCE5C00323446 /* InventoryView.xib */; };
		D95F3AE110FFCE5C00323446 /* OptionsView.m in Sources */ = {isa = PBXBuildFile; fileRef = D95F3AD610FFCE5C00323446 /* OptionsView.m */; };
		D95F3AE210FFCE5C00323446 /* OptionsView.xib in Resources */ = {isa = PBXBuildFile; fileRef = D95F3AD710FFCE5C00323446 /* OptionsView.xib */; };
		D95F3AE310FFCE5C00323446 /* WorldView.m in Sources */ = {isa = PBXBuildFile; fileRef = D95F3ADA10FFCE5C00323446 /* WorldView.m */; };
		D95F3AE410FFCE5C00323446 /* WorldView.xib in Resources */ = {isa = PBXBuildFile; fileRef = D95F3ADB10FFCE5C00323446 /* WorldView.xib */; };
		D95F3AF410FFCECF00323446 /* Phone_CrawlAppDelegate.m in Sources */ = {isa = PBXBuildFile; fileRef = D95F3AF210FFCECF00323446 /* Phone_CrawlAppDelegate.m */; };
		D9887FEA110D0E6200AFFB2E /* 1elf-warrior-elvina-1.jpg in Resources */ = {isa = PBXBuildFile; fileRef = D9887FE9110D0E6200AFFB2E /* 1elf-warrior-elvina-1.jpg */; };
		D9888070110D273C00AFFB2E /* MainMenu.m in Sources */ = {isa = PBXBuildFile; fileRef = D988806E110D273C00AFFB2E /* MainMenu.m */; };
		D9888071110D273C00AFFB2E /* MainMenu.xib in Resources */ = {isa = PBXBuildFile; fileRef = D988806F110D273C00AFFB2E /* MainMenu.xib */; };
		D9888074110D3E7100AFFB2E /* wcrftbkgrd.png in Resources */ = {isa = PBXBuildFile; fileRef = D9888073110D3E7100AFFB2E /* wcrftbkgrd.png */; };
		D9888092110D55B800AFFB2E /* CharacterCreation.m in Sources */ = {isa = PBXBuildFile; fileRef = D9888090110D55B800AFFB2E /* CharacterCreation.m */; };
		D9888093110D55B800AFFB2E /* CharacterCreation.xib in Resources */ = {isa = PBXBuildFile; fileRef = D9888091110D55B800AFFB2E /* CharacterCreation.xib */; };
		D9888096110D56C300AFFB2E /* BB Watershed 8-03 003.jpg in Resources */ = {isa = PBXBuildFile; fileRef = D9888095110D56C300AFFB2E /* BB Watershed 8-03 003.jpg */; };
		D9B55D1C11015878007173A3 /* Dungeon.m in Sources */ = {isa = PBXBuildFile; fileRef = D9B55D1B11015878007173A3 /* Dungeon.m */; };
		D9B55D2111015886007173A3 /* LevelGen.m in Sources */ = {isa = PBXBuildFile; fileRef = D9B55D1E11015886007173A3 /* LevelGen.m */; };
		D9B55D2211015886007173A3 /* Util.m in Sources */ = {isa = PBXBuildFile; fileRef = D9B55D2011015886007173A3 /* Util.m */; };
		D9EBB8EF110688A800C34836 /* Tile.m in Sources */ = {isa = PBXBuildFile; fileRef = D9EBB8EE110688A800C34836 /* Tile.m */; };
		D9FFB120110BA8E000536EA7 /* potion-brown.png in Resources */ = {isa = PBXBuildFile; fileRef = D9FFB0E5110BA8E000536EA7 /* potion-brown.png */; };
		D9FFB121110BA8E000536EA7 /* potion-green.png in Resources */ = {isa = PBXBuildFile; fileRef = D9FFB0E6110BA8E000536EA7 /* potion-green.png */; };
		D9FFB122110BA8E000536EA7 /* potion-purple.png in Resources */ = {isa = PBXBuildFile; fileRef = D9FFB0E7110BA8E000536EA7 /* potion-purple.png */; };
		D9FFB123110BA8E000536EA7 /* potion-red.png in Resources */ = {isa = PBXBuildFile; fileRef = D9FFB0E8110BA8E000536EA7 /* potion-red.png */; };
		D9FFB124110BA8E000536EA7 /* potion-white.png in Resources */ = {isa = PBXBuildFile; fileRef = D9FFB0E9110BA8E000536EA7 /* potion-white.png */; };
		D9FFB125110BA8E000536EA7 /* rope.png in Resources */ = {isa = PBXBuildFile; fileRef = D9FFB0EA110BA8E000536EA7 /* rope.png */; };
		D9FFB126110BA8E000536EA7 /* scroll-book.png in Resources */ = {isa = PBXBuildFile; fileRef = D9FFB0EB110BA8E000536EA7 /* scroll-book.png */; };
		D9FFB127110BA8E000536EA7 /* scroll1.png in Resources */ = {isa = PBXBuildFile; fileRef = D9FFB0EC110BA8E000536EA7 /* scroll1.png */; };
		D9FFB128110BA8E000536EA7 /* scroll2.png in Resources */ = {isa = PBXBuildFile; fileRef = D9FFB0ED110BA8E000536EA7 /* scroll2.png */; };
		D9FFB129110BA8E000536EA7 /* wand1.png in Resources */ = {isa = PBXBuildFile; fileRef = D9FFB0EE110BA8E000536EA7 /* wand1.png */; };
		D9FFB12A110BA8E000536EA7 /* wand2.png in Resources */ = {isa = PBXBuildFile; fileRef = D9FFB0EF110BA8E000536EA7 /* wand2.png */; };
		D9FFB12B110BA8E000536EA7 /* wand3.png in Resources */ = {isa = PBXBuildFile; fileRef = D9FFB0F0110BA8E000536EA7 /* wand3.png */; };
		D9FFB12C110BA8E000536EA7 /* armor-heavy.png in Resources */ = {isa = PBXBuildFile; fileRef = D9FFB0F2110BA8E000536EA7 /* armor-heavy.png */; };
		D9FFB12D110BA8E000536EA7 /* armor-light.png in Resources */ = {isa = PBXBuildFile; fileRef = D9FFB0F3110BA8E000536EA7 /* armor-light.png */; };
		D9FFB12E110BA8E000536EA7 /* bow.png in Resources */ = {isa = PBXBuildFile; fileRef = D9FFB0F4110BA8E000536EA7 /* bow.png */; };
		D9FFB12F110BA8E000536EA7 /* cloak-blue.png in Resources */ = {isa = PBXBuildFile; fileRef = D9FFB0F5110BA8E000536EA7 /* cloak-blue.png */; };
		D9FFB130110BA8E000536EA7 /* cloak-grey.png in Resources */ = {isa = PBXBuildFile; fileRef = D9FFB0F6110BA8E000536EA7 /* cloak-grey.png */; };
		D9FFB131110BA8E000536EA7 /* cloak-red.png in Resources */ = {isa = PBXBuildFile; fileRef = D9FFB0F7110BA8E000536EA7 /* cloak-red.png */; };
		D9FFB132110BA8E000536EA7 /* dagger.png in Resources */ = {isa = PBXBuildFile; fileRef = D9FFB0F8110BA8E000536EA7 /* dagger.png */; };
		D9FFB133110BA8E000536EA7 /* ring-blue.png in Resources */ = {isa = PBXBuildFile; fileRef = D9FFB0F9110BA8E000536EA7 /* ring-blue.png */; };
		D9FFB134110BA8E000536EA7 /* ring-gold.png in Resources */ = {isa = PBXBuildFile; fileRef = D9FFB0FA110BA8E000536EA7 /* ring-gold.png */; };
		D9FFB135110BA8E000536EA7 /* ring-green.png in Resources */ = {isa = PBXBuildFile; fileRef = D9FFB0FB110BA8E000536EA7 /* ring-green.png */; };
		D9FFB136110BA8E000536EA7 /* ring-pearl.png in Resources */ = {isa = PBXBuildFile; fileRef = D9FFB0FC110BA8E000536EA7 /* ring-pearl.png */; };
		D9FFB137110BA8E000536EA7 /* ring-red.png in Resources */ = {isa = PBXBuildFile; fileRef = D9FFB0FD110BA8E000536EA7 /* ring-red.png */; };
		D9FFB138110BA8E000536EA7 /* shield.png in Resources */ = {isa = PBXBuildFile; fileRef = D9FFB0FE110BA8E000536EA7 /* shield.png */; };
		D9FFB139110BA8E000536EA7 /* shield1.png in Resources */ = {isa = PBXBuildFile; fileRef = D9FFB0FF110BA8E000536EA7 /* shield1.png */; };
		D9FFB13A110BA8E000536EA7 /* staff.png in Resources */ = {isa = PBXBuildFile; fileRef = D9FFB100110BA8E000536EA7 /* staff.png */; };
		D9FFB13B110BA8E000536EA7 /* sworddual.png in Resources */ = {isa = PBXBuildFile; fileRef = D9FFB101110BA8E000536EA7 /* sworddual.png */; };
		D9FFB13C110BA8E000536EA7 /* BlackSquare.png in Resources */ = {isa = PBXBuildFile; fileRef = D9FFB103110BA8E000536EA7 /* BlackSquare.png */; };
		D9FFB13D110BA8E000536EA7 /* concrete.png in Resources */ = {isa = PBXBuildFile; fileRef = D9FFB104110BA8E000536EA7 /* concrete.png */; };
		D9FFB13E110BA8E000536EA7 /* dirt.png in Resources */ = {isa = PBXBuildFile; fileRef = D9FFB105110BA8E000536EA7 /* dirt.png */; };
		D9FFB13F110BA8E000536EA7 /* grass.png in Resources */ = {isa = PBXBuildFile; fileRef = D9FFB106110BA8E000536EA7 /* grass.png */; };
		D9FFB140110BA8E000536EA7 /* wall-door-vertical.png in Resources */ = {isa = PBXBuildFile; fileRef = D9FFB107110BA8E000536EA7 /* wall-door-vertical.png */; };
		D9FFB141110BA8E000536EA7 /* wall-door.png in Resources */ = {isa = PBXBuildFile; fileRef = D9FFB108110BA8E000536EA7 /* wall-door.png */; };
		D9FFB142110BA8E000536EA7 /* wallv2-300.png in Resources */ = {isa = PBXBuildFile; fileRef = D9FFB109110BA8E000536EA7 /* wallv2-300.png */; };
		D9FFB143110BA8E000536EA7 /* wallv2-330.png in Resources */ = {isa = PBXBuildFile; fileRef = D9FFB10A110BA8E000536EA7 /* wallv2-330.png */; };
		D9FFB144110BA8E000536EA7 /* wallv2-900.png in Resources */ = {isa = PBXBuildFile; fileRef = D9FFB10B110BA8E000536EA7 /* wallv2-900.png */; };
		D9FFB145110BA8E000536EA7 /* wallv2-930.png in Resources */ = {isa = PBXBuildFile; fileRef = D9FFB10C110BA8E000536EA7 /* wallv2-930.png */; };
		D9FFB146110BA8E000536EA7 /* wallv2-cross.png in Resources */ = {isa = PBXBuildFile; fileRef = D9FFB10D110BA8E000536EA7 /* wallv2-cross.png */; };
		D9FFB147110BA8E000536EA7 /* wallv2-E.png in Resources */ = {isa = PBXBuildFile; fileRef = D9FFB10E110BA8E000536EA7 /* wallv2-E.png */; };
		D9FFB148110BA8E000536EA7 /* wallv2-H.png in Resources */ = {isa = PBXBuildFile; fileRef = D9FFB10F110BA8E000536EA7 /* wallv2-H.png */; };
		D9FFB149110BA8E000536EA7 /* wallv2-horizontal.png in Resources */ = {isa = PBXBuildFile; fileRef = D9FFB110110BA8E000536EA7 /* wallv2-horizontal.png */; };
		D9FFB14A110BA8E000536EA7 /* wallv2-T.png in Resources */ = {isa = PBXBuildFile; fileRef = D9FFB111110BA8E000536EA7 /* wallv2-T.png */; };
		D9FFB14B110BA8E000536EA7 /* wallv2-Tinverted.png in Resources */ = {isa = PBXBuildFile; fileRef = D9FFB112110BA8E000536EA7 /* wallv2-Tinverted.png */; };
		D9FFB14C110BA8E000536EA7 /* wallv2-vertical.png in Resources */ = {isa = PBXBuildFile; fileRef = D9FFB113110BA8E000536EA7 /* wallv2-vertical.png */; };
		D9FFB14D110BA8E000536EA7 /* wood.png in Resources */ = {isa = PBXBuildFile; fileRef = D9FFB114110BA8E000536EA7 /* wood.png */; };
		D9FFB14E110BA8E000536EA7 /* human.png in Resources */ = {isa = PBXBuildFile; fileRef = D9FFB115110BA8E000536EA7 /* human.png */; };
		D9FFB14F110BA8E000536EA7 /* human1.png in Resources */ = {isa = PBXBuildFile; fileRef = D9FFB116110BA8E000536EA7 /* human1.png */; };
		D9FFB150110BA8E000536EA7 /* wall-stone-bottomleft.png in Resources */ = {isa = PBXBuildFile; fileRef = D9FFB118110BA8E000536EA7 /* wall-stone-bottomleft.png */; };
		D9FFB151110BA8E000536EA7 /* wall-stone-bottomright.png in Resources */ = {isa = PBXBuildFile; fileRef = D9FFB119110BA8E000536EA7 /* wall-stone-bottomright.png */; };
		D9FFB152110BA8E000536EA7 /* wall-stone-crumbling.png in Resources */ = {isa = PBXBuildFile; fileRef = D9FFB11A110BA8E000536EA7 /* wall-stone-crumbling.png */; };
		D9FFB153110BA8E000536EA7 /* wall-stone-left.png in Resources */ = {isa = PBXBuildFile; fileRef = D9FFB11B110BA8E000536EA7 /* wall-stone-left.png */; };
		D9FFB154110BA8E000536EA7 /* wall-stone-right.png in Resources */ = {isa = PBXBuildFile; fileRef = D9FFB11C110BA8E000536EA7 /* wall-stone-right.png */; };
		D9FFB155110BA8E000536EA7 /* wall-stone-topleft.png in Resources */ = {isa = PBXBuildFile; fileRef = D9FFB11D110BA8E000536EA7 /* wall-stone-topleft.png */; };
		D9FFB156110BA8E000536EA7 /* wall-stone-topright.png in Resources */ = {isa = PBXBuildFile; fileRef = D9FFB11E110BA8E000536EA7 /* wall-stone-topright.png */; };
		D9FFB157110BA8E000536EA7 /* wall-stone.png in Resources */ = {isa = PBXBuildFile; fileRef = D9FFB11F110BA8E000536EA7 /* wall-stone.png */; };
/* End PBXBuildFile section */

/* Begin PBXFileReference section */
		1D30AB110D05D00D00671497 /* Foundation.framework */ = {isa = PBXFileReference; lastKnownFileType = wrapper.framework; name = Foundation.framework; path = System/Library/Frameworks/Foundation.framework; sourceTree = SDKROOT; };
		1D6058910D05DD3D006BFB54 /* Phone-Crawl.app */ = {isa = PBXFileReference; explicitFileType = wrapper.application; includeInIndex = 0; path = "Phone-Crawl.app"; sourceTree = BUILT_PRODUCTS_DIR; };
		1DF5F4DF0D08C38300B7A737 /* UIKit.framework */ = {isa = PBXFileReference; lastKnownFileType = wrapper.framework; name = UIKit.framework; path = System/Library/Frameworks/UIKit.framework; sourceTree = SDKROOT; };
		288765070DF74369002DB57D /* CoreGraphics.framework */ = {isa = PBXFileReference; lastKnownFileType = wrapper.framework; name = CoreGraphics.framework; path = System/Library/Frameworks/CoreGraphics.framework; sourceTree = SDKROOT; };
		28A0AB4B0D9B1048005BE974 /* Phone_Crawl_Prefix.pch */ = {isa = PBXFileReference; fileEncoding = 4; lastKnownFileType = sourcecode.c.h; path = Phone_Crawl_Prefix.pch; sourceTree = "<group>"; };
		28AD73870D9D96C1002E5188 /* MainWindow.xib */ = {isa = PBXFileReference; lastKnownFileType = file.xib; path = MainWindow.xib; sourceTree = "<group>"; };
		29B97316FDCFA39411CA2CEA /* main.m */ = {isa = PBXFileReference; fileEncoding = 4; lastKnownFileType = sourcecode.c.objc; path = main.m; sourceTree = "<group>"; };
		8D1107310486CEB800E47090 /* Phone_Crawl-Info.plist */ = {isa = PBXFileReference; fileEncoding = 4; lastKnownFileType = text.plist.xml; path = "Phone_Crawl-Info.plist"; plistStructureDefinitionIdentifier = "com.apple.xcode.plist.structure-definition.iphone.info-plist"; sourceTree = "<group>"; };
		B09D78A91107EEDC004C9922 /* Battle.h */ = {isa = PBXFileReference; fileEncoding = 4; lastKnownFileType = sourcecode.c.h; path = Battle.h; sourceTree = "<group>"; };
		B09D78AA1107EEDC004C9922 /* Battle.m */ = {isa = PBXFileReference; fileEncoding = 4; lastKnownFileType = sourcecode.c.objc; path = Battle.m; sourceTree = "<group>"; };
		D931C3DF1106321A0032A3DD /* Engine.h */ = {isa = PBXFileReference; fileEncoding = 4; lastKnownFileType = sourcecode.c.h; path = Engine.h; sourceTree = "<group>"; };
		D931C3E01106321A0032A3DD /* Engine.m */ = {isa = PBXFileReference; fileEncoding = 4; lastKnownFileType = sourcecode.c.objc; path = Engine.m; sourceTree = "<group>"; };
		D931C3E5110632A00032A3DD /* Creature.h */ = {isa = PBXFileReference; fileEncoding = 4; lastKnownFileType = sourcecode.c.h; path = Creature.h; sourceTree = "<group>"; };
		D931C3E6110632A00032A3DD /* Creature.m */ = {isa = PBXFileReference; fileEncoding = 4; lastKnownFileType = sourcecode.c.objc; path = Creature.m; sourceTree = "<group>"; };
		D931C3E8110632B60032A3DD /* Item.h */ = {isa = PBXFileReference; fileEncoding = 4; lastKnownFileType = sourcecode.c.h; path = Item.h; sourceTree = "<group>"; };
		D931C3E9110632B60032A3DD /* Item.m */ = {isa = PBXFileReference; fileEncoding = 4; lastKnownFileType = sourcecode.c.objc; path = Item.m; sourceTree = "<group>"; };
		D931C3EB110632DA0032A3DD /* ItemGen.h */ = {isa = PBXFileReference; fileEncoding = 4; lastKnownFileType = sourcecode.c.h; path = ItemGen.h; sourceTree = "<group>"; };
		D931C3EC110632DA0032A3DD /* ItemGen.m */ = {isa = PBXFileReference; fileEncoding = 4; lastKnownFileType = sourcecode.c.objc; path = ItemGen.m; sourceTree = "<group>"; };
		D931C40911063B790032A3DD /* PCBaseViewController.h */ = {isa = PBXFileReference; fileEncoding = 4; lastKnownFileType = sourcecode.c.h; path = PCBaseViewController.h; sourceTree = "<group>"; };
		D931C40A11063B790032A3DD /* PCBaseViewController.m */ = {isa = PBXFileReference; fileEncoding = 4; lastKnownFileType = sourcecode.c.objc; path = PCBaseViewController.m; sourceTree = "<group>"; };
		D95F3ACB10FFCE5C00323446 /* CharacterView.h */ = {isa = PBXFileReference; fileEncoding = 4; lastKnownFileType = sourcecode.c.h; path = CharacterView.h; sourceTree = "<group>"; };
		D95F3ACC10FFCE5C00323446 /* CharacterView.m */ = {isa = PBXFileReference; fileEncoding = 4; lastKnownFileType = sourcecode.c.objc; path = CharacterView.m; sourceTree = "<group>"; };
		D95F3ACD10FFCE5C00323446 /* CharacterView.xib */ = {isa = PBXFileReference; lastKnownFileType = file.xib; path = CharacterView.xib; sourceTree = "<group>"; };
		D95F3ACE10FFCE5C00323446 /* HomeTabViewController.h */ = {isa = PBXFileReference; fileEncoding = 4; lastKnownFileType = sourcecode.c.h; path = HomeTabViewController.h; sourceTree = "<group>"; };
		D95F3ACF10FFCE5C00323446 /* HomeTabViewController.m */ = {isa = PBXFileReference; fileEncoding = 4; lastKnownFileType = sourcecode.c.objc; path = HomeTabViewController.m; sourceTree = "<group>"; };
		D95F3AD110FFCE5C00323446 /* InventoryView.h */ = {isa = PBXFileReference; fileEncoding = 4; lastKnownFileType = sourcecode.c.h; path = InventoryView.h; sourceTree = "<group>"; };
		D95F3AD210FFCE5C00323446 /* InventoryView.m */ = {isa = PBXFileReference; fileEncoding = 4; lastKnownFileType = sourcecode.c.objc; path = InventoryView.m; sourceTree = "<group>"; };
		D95F3AD310FFCE5C00323446 /* InventoryView.xib */ = {isa = PBXFileReference; lastKnownFileType = file.xib; path = InventoryView.xib; sourceTree = "<group>"; };
		D95F3AD510FFCE5C00323446 /* OptionsView.h */ = {isa = PBXFileReference; fileEncoding = 4; lastKnownFileType = sourcecode.c.h; path = OptionsView.h; sourceTree = "<group>"; };
		D95F3AD610FFCE5C00323446 /* OptionsView.m */ = {isa = PBXFileReference; fileEncoding = 4; lastKnownFileType = sourcecode.c.objc; path = OptionsView.m; sourceTree = "<group>"; };
		D95F3AD710FFCE5C00323446 /* OptionsView.xib */ = {isa = PBXFileReference; lastKnownFileType = file.xib; path = OptionsView.xib; sourceTree = "<group>"; };
		D95F3AD910FFCE5C00323446 /* WorldView.h */ = {isa = PBXFileReference; fileEncoding = 4; lastKnownFileType = sourcecode.c.h; path = WorldView.h; sourceTree = "<group>"; };
		D95F3ADA10FFCE5C00323446 /* WorldView.m */ = {isa = PBXFileReference; fileEncoding = 4; lastKnownFileType = sourcecode.c.objc; path = WorldView.m; sourceTree = "<group>"; };
		D95F3ADB10FFCE5C00323446 /* WorldView.xib */ = {isa = PBXFileReference; lastKnownFileType = file.xib; path = WorldView.xib; sourceTree = "<group>"; };
		D95F3AF110FFCECF00323446 /* Phone_CrawlAppDelegate.h */ = {isa = PBXFileReference; fileEncoding = 4; lastKnownFileType = sourcecode.c.h; path = Phone_CrawlAppDelegate.h; sourceTree = "<group>"; };
		D95F3AF210FFCECF00323446 /* Phone_CrawlAppDelegate.m */ = {isa = PBXFileReference; fileEncoding = 4; lastKnownFileType = sourcecode.c.objc; path = Phone_CrawlAppDelegate.m; sourceTree = "<group>"; };
		D9887FE9110D0E6200AFFB2E /* 1elf-warrior-elvina-1.jpg */ = {isa = PBXFileReference; lastKnownFileType = image.jpeg; path = "1elf-warrior-elvina-1.jpg"; sourceTree = "<group>"; };
		D988806D110D273C00AFFB2E /* MainMenu.h */ = {isa = PBXFileReference; fileEncoding = 4; lastKnownFileType = sourcecode.c.h; path = MainMenu.h; sourceTree = "<group>"; };
		D988806E110D273C00AFFB2E /* MainMenu.m */ = {isa = PBXFileReference; fileEncoding = 4; lastKnownFileType = sourcecode.c.objc; path = MainMenu.m; sourceTree = "<group>"; };
		D988806F110D273C00AFFB2E /* MainMenu.xib */ = {isa = PBXFileReference; lastKnownFileType = file.xib; path = MainMenu.xib; sourceTree = "<group>"; };
		D9888073110D3E7100AFFB2E /* wcrftbkgrd.png */ = {isa = PBXFileReference; lastKnownFileType = image.png; path = wcrftbkgrd.png; sourceTree = "<group>"; };
		D988808F110D55B800AFFB2E /* CharacterCreation.h */ = {isa = PBXFileReference; fileEncoding = 4; lastKnownFileType = sourcecode.c.h; path = CharacterCreation.h; sourceTree = "<group>"; };
		D9888090110D55B800AFFB2E /* CharacterCreation.m */ = {isa = PBXFileReference; fileEncoding = 4; lastKnownFileType = sourcecode.c.objc; path = CharacterCreation.m; sourceTree = "<group>"; };
		D9888091110D55B800AFFB2E /* CharacterCreation.xib */ = {isa = PBXFileReference; lastKnownFileType = file.xib; path = CharacterCreation.xib; sourceTree = "<group>"; };
		D9888095110D56C300AFFB2E /* BB Watershed 8-03 003.jpg */ = {isa = PBXFileReference; lastKnownFileType = image.jpeg; path = "BB Watershed 8-03 003.jpg"; sourceTree = "<group>"; };
		D9B55D1A11015878007173A3 /* Dungeon.h */ = {isa = PBXFileReference; fileEncoding = 4; lastKnownFileType = sourcecode.c.h; path = Dungeon.h; sourceTree = "<group>"; };
		D9B55D1B11015878007173A3 /* Dungeon.m */ = {isa = PBXFileReference; fileEncoding = 4; lastKnownFileType = sourcecode.c.objc; path = Dungeon.m; sourceTree = "<group>"; };
		D9B55D1D11015886007173A3 /* LevelGen.h */ = {isa = PBXFileReference; fileEncoding = 4; lastKnownFileType = sourcecode.c.h; path = LevelGen.h; sourceTree = "<group>"; };
		D9B55D1E11015886007173A3 /* LevelGen.m */ = {isa = PBXFileReference; fileEncoding = 4; lastKnownFileType = sourcecode.c.objc; path = LevelGen.m; sourceTree = "<group>"; };
		D9B55D1F11015886007173A3 /* Util.h */ = {isa = PBXFileReference; fileEncoding = 4; lastKnownFileType = sourcecode.c.h; path = Util.h; sourceTree = "<group>"; };
		D9B55D2011015886007173A3 /* Util.m */ = {isa = PBXFileReference; fileEncoding = 4; lastKnownFileType = sourcecode.c.objc; path = Util.m; sourceTree = "<group>"; };
		D9EBB8ED110688A800C34836 /* Tile.h */ = {isa = PBXFileReference; fileEncoding = 4; lastKnownFileType = sourcecode.c.h; path = Tile.h; sourceTree = "<group>"; };
		D9EBB8EE110688A800C34836 /* Tile.m */ = {isa = PBXFileReference; fileEncoding = 4; lastKnownFileType = sourcecode.c.objc; path = Tile.m; sourceTree = "<group>"; };
		D9FFB0E5110BA8E000536EA7 /* potion-brown.png */ = {isa = PBXFileReference; lastKnownFileType = image.png; path = "potion-brown.png"; sourceTree = "<group>"; };
		D9FFB0E6110BA8E000536EA7 /* potion-green.png */ = {isa = PBXFileReference; lastKnownFileType = image.png; path = "potion-green.png"; sourceTree = "<group>"; };
		D9FFB0E7110BA8E000536EA7 /* potion-purple.png */ = {isa = PBXFileReference; lastKnownFileType = image.png; path = "potion-purple.png"; sourceTree = "<group>"; };
		D9FFB0E8110BA8E000536EA7 /* potion-red.png */ = {isa = PBXFileReference; lastKnownFileType = image.png; path = "potion-red.png"; sourceTree = "<group>"; };
		D9FFB0E9110BA8E000536EA7 /* potion-white.png */ = {isa = PBXFileReference; lastKnownFileType = image.png; path = "potion-white.png"; sourceTree = "<group>"; };
		D9FFB0EA110BA8E000536EA7 /* rope.png */ = {isa = PBXFileReference; lastKnownFileType = image.png; path = rope.png; sourceTree = "<group>"; };
		D9FFB0EB110BA8E000536EA7 /* scroll-book.png */ = {isa = PBXFileReference; lastKnownFileType = image.png; path = "scroll-book.png"; sourceTree = "<group>"; };
		D9FFB0EC110BA8E000536EA7 /* scroll1.png */ = {isa = PBXFileReference; lastKnownFileType = image.png; path = scroll1.png; sourceTree = "<group>"; };
		D9FFB0ED110BA8E000536EA7 /* scroll2.png */ = {isa = PBXFileReference; lastKnownFileType = image.png; path = scroll2.png; sourceTree = "<group>"; };
		D9FFB0EE110BA8E000536EA7 /* wand1.png */ = {isa = PBXFileReference; lastKnownFileType = image.png; path = wand1.png; sourceTree = "<group>"; };
		D9FFB0EF110BA8E000536EA7 /* wand2.png */ = {isa = PBXFileReference; lastKnownFileType = image.png; path = wand2.png; sourceTree = "<group>"; };
		D9FFB0F0110BA8E000536EA7 /* wand3.png */ = {isa = PBXFileReference; lastKnownFileType = image.png; path = wand3.png; sourceTree = "<group>"; };
		D9FFB0F2110BA8E000536EA7 /* armor-heavy.png */ = {isa = PBXFileReference; lastKnownFileType = image.png; path = "armor-heavy.png"; sourceTree = "<group>"; };
		D9FFB0F3110BA8E000536EA7 /* armor-light.png */ = {isa = PBXFileReference; lastKnownFileType = image.png; path = "armor-light.png"; sourceTree = "<group>"; };
		D9FFB0F4110BA8E000536EA7 /* bow.png */ = {isa = PBXFileReference; lastKnownFileType = image.png; path = bow.png; sourceTree = "<group>"; };
		D9FFB0F5110BA8E000536EA7 /* cloak-blue.png */ = {isa = PBXFileReference; lastKnownFileType = image.png; path = "cloak-blue.png"; sourceTree = "<group>"; };
		D9FFB0F6110BA8E000536EA7 /* cloak-grey.png */ = {isa = PBXFileReference; lastKnownFileType = image.png; path = "cloak-grey.png"; sourceTree = "<group>"; };
		D9FFB0F7110BA8E000536EA7 /* cloak-red.png */ = {isa = PBXFileReference; lastKnownFileType = image.png; path = "cloak-red.png"; sourceTree = "<group>"; };
		D9FFB0F8110BA8E000536EA7 /* dagger.png */ = {isa = PBXFileReference; lastKnownFileType = image.png; path = dagger.png; sourceTree = "<group>"; };
		D9FFB0F9110BA8E000536EA7 /* ring-blue.png */ = {isa = PBXFileReference; lastKnownFileType = image.png; path = "ring-blue.png"; sourceTree = "<group>"; };
		D9FFB0FA110BA8E000536EA7 /* ring-gold.png */ = {isa = PBXFileReference; lastKnownFileType = image.png; path = "ring-gold.png"; sourceTree = "<group>"; };
		D9FFB0FB110BA8E000536EA7 /* ring-green.png */ = {isa = PBXFileReference; lastKnownFileType = image.png; path = "ring-green.png"; sourceTree = "<group>"; };
		D9FFB0FC110BA8E000536EA7 /* ring-pearl.png */ = {isa = PBXFileReference; lastKnownFileType = image.png; path = "ring-pearl.png"; sourceTree = "<group>"; };
		D9FFB0FD110BA8E000536EA7 /* ring-red.png */ = {isa = PBXFileReference; lastKnownFileType = image.png; path = "ring-red.png"; sourceTree = "<group>"; };
		D9FFB0FE110BA8E000536EA7 /* shield.png */ = {isa = PBXFileReference; lastKnownFileType = image.png; path = shield.png; sourceTree = "<group>"; };
		D9FFB0FF110BA8E000536EA7 /* shield1.png */ = {isa = PBXFileReference; lastKnownFileType = image.png; path = shield1.png; sourceTree = "<group>"; };
		D9FFB100110BA8E000536EA7 /* staff.png */ = {isa = PBXFileReference; lastKnownFileType = image.png; path = staff.png; sourceTree = "<group>"; };
		D9FFB101110BA8E000536EA7 /* sworddual.png */ = {isa = PBXFileReference; lastKnownFileType = image.png; path = sworddual.png; sourceTree = "<group>"; };
		D9FFB103110BA8E000536EA7 /* BlackSquare.png */ = {isa = PBXFileReference; lastKnownFileType = image.png; path = BlackSquare.png; sourceTree = "<group>"; };
		D9FFB104110BA8E000536EA7 /* concrete.png */ = {isa = PBXFileReference; lastKnownFileType = image.png; path = concrete.png; sourceTree = "<group>"; };
		D9FFB105110BA8E000536EA7 /* dirt.png */ = {isa = PBXFileReference; lastKnownFileType = image.png; path = dirt.png; sourceTree = "<group>"; };
		D9FFB106110BA8E000536EA7 /* grass.png */ = {isa = PBXFileReference; lastKnownFileType = image.png; path = grass.png; sourceTree = "<group>"; };
		D9FFB107110BA8E000536EA7 /* wall-door-vertical.png */ = {isa = PBXFileReference; lastKnownFileType = image.png; path = "wall-door-vertical.png"; sourceTree = "<group>"; };
		D9FFB108110BA8E000536EA7 /* wall-door.png */ = {isa = PBXFileReference; lastKnownFileType = image.png; path = "wall-door.png"; sourceTree = "<group>"; };
		D9FFB109110BA8E000536EA7 /* wallv2-300.png */ = {isa = PBXFileReference; lastKnownFileType = image.png; path = "wallv2-300.png"; sourceTree = "<group>"; };
		D9FFB10A110BA8E000536EA7 /* wallv2-330.png */ = {isa = PBXFileReference; lastKnownFileType = image.png; path = "wallv2-330.png"; sourceTree = "<group>"; };
		D9FFB10B110BA8E000536EA7 /* wallv2-900.png */ = {isa = PBXFileReference; lastKnownFileType = image.png; path = "wallv2-900.png"; sourceTree = "<group>"; };
		D9FFB10C110BA8E000536EA7 /* wallv2-930.png */ = {isa = PBXFileReference; lastKnownFileType = image.png; path = "wallv2-930.png"; sourceTree = "<group>"; };
		D9FFB10D110BA8E000536EA7 /* wallv2-cross.png */ = {isa = PBXFileReference; lastKnownFileType = image.png; path = "wallv2-cross.png"; sourceTree = "<group>"; };
		D9FFB10E110BA8E000536EA7 /* wallv2-E.png */ = {isa = PBXFileReference; lastKnownFileType = image.png; path = "wallv2-E.png"; sourceTree = "<group>"; };
		D9FFB10F110BA8E000536EA7 /* wallv2-H.png */ = {isa = PBXFileReference; lastKnownFileType = image.png; path = "wallv2-H.png"; sourceTree = "<group>"; };
		D9FFB110110BA8E000536EA7 /* wallv2-horizontal.png */ = {isa = PBXFileReference; lastKnownFileType = image.png; path = "wallv2-horizontal.png"; sourceTree = "<group>"; };
		D9FFB111110BA8E000536EA7 /* wallv2-T.png */ = {isa = PBXFileReference; lastKnownFileType = image.png; path = "wallv2-T.png"; sourceTree = "<group>"; };
		D9FFB112110BA8E000536EA7 /* wallv2-Tinverted.png */ = {isa = PBXFileReference; lastKnownFileType = image.png; path = "wallv2-Tinverted.png"; sourceTree = "<group>"; };
		D9FFB113110BA8E000536EA7 /* wallv2-vertical.png */ = {isa = PBXFileReference; lastKnownFileType = image.png; path = "wallv2-vertical.png"; sourceTree = "<group>"; };
		D9FFB114110BA8E000536EA7 /* wood.png */ = {isa = PBXFileReference; lastKnownFileType = image.png; path = wood.png; sourceTree = "<group>"; };
		D9FFB115110BA8E000536EA7 /* human.png */ = {isa = PBXFileReference; lastKnownFileType = image.png; path = human.png; sourceTree = "<group>"; };
		D9FFB116110BA8E000536EA7 /* human1.png */ = {isa = PBXFileReference; lastKnownFileType = image.png; path = human1.png; sourceTree = "<group>"; };
		D9FFB118110BA8E000536EA7 /* wall-stone-bottomleft.png */ = {isa = PBXFileReference; lastKnownFileType = image.png; path = "wall-stone-bottomleft.png"; sourceTree = "<group>"; };
		D9FFB119110BA8E000536EA7 /* wall-stone-bottomright.png */ = {isa = PBXFileReference; lastKnownFileType = image.png; path = "wall-stone-bottomright.png"; sourceTree = "<group>"; };
		D9FFB11A110BA8E000536EA7 /* wall-stone-crumbling.png */ = {isa = PBXFileReference; lastKnownFileType = image.png; path = "wall-stone-crumbling.png"; sourceTree = "<group>"; };
		D9FFB11B110BA8E000536EA7 /* wall-stone-left.png */ = {isa = PBXFileReference; lastKnownFileType = image.png; path = "wall-stone-left.png"; sourceTree = "<group>"; };
		D9FFB11C110BA8E000536EA7 /* wall-stone-right.png */ = {isa = PBXFileReference; lastKnownFileType = image.png; path = "wall-stone-right.png"; sourceTree = "<group>"; };
		D9FFB11D110BA8E000536EA7 /* wall-stone-topleft.png */ = {isa = PBXFileReference; lastKnownFileType = image.png; path = "wall-stone-topleft.png"; sourceTree = "<group>"; };
		D9FFB11E110BA8E000536EA7 /* wall-stone-topright.png */ = {isa = PBXFileReference; lastKnownFileType = image.png; path = "wall-stone-topright.png"; sourceTree = "<group>"; };
		D9FFB11F110BA8E000536EA7 /* wall-stone.png */ = {isa = PBXFileReference; lastKnownFileType = image.png; path = "wall-stone.png"; sourceTree = "<group>"; };
/* End PBXFileReference section */

/* Begin PBXFrameworksBuildPhase section */
		1D60588F0D05DD3D006BFB54 /* Frameworks */ = {
			isa = PBXFrameworksBuildPhase;
			buildActionMask = 2147483647;
			files = (
				1D60589F0D05DD5A006BFB54 /* Foundation.framework in Frameworks */,
				1DF5F4E00D08C38300B7A737 /* UIKit.framework in Frameworks */,
				288765080DF74369002DB57D /* CoreGraphics.framework in Frameworks */,
			);
			runOnlyForDeploymentPostprocessing = 0;
		};
/* End PBXFrameworksBuildPhase section */

/* Begin PBXGroup section */
		19C28FACFE9D520D11CA2CBB /* Products */ = {
			isa = PBXGroup;
			children = (
				1D6058910D05DD3D006BFB54 /* Phone-Crawl.app */,
			);
			name = Products;
			sourceTree = "<group>";
		};
		29B97314FDCFA39411CA2CEA /* Phone-Crawl */ = {
			isa = PBXGroup;
			children = (
				D98DDFE110FD025E0096B5C4 /* PhoneCrawl */,
				29B97315FDCFA39411CA2CEA /* Other Sources */,
				29B97317FDCFA39411CA2CEA /* Resources */,
				29B97323FDCFA39411CA2CEA /* Frameworks */,
				19C28FACFE9D520D11CA2CBB /* Products */,
			);
			name = "Phone-Crawl";
			sourceTree = "<group>";
		};
		29B97315FDCFA39411CA2CEA /* Other Sources */ = {
			isa = PBXGroup;
			children = (
				28A0AB4B0D9B1048005BE974 /* Phone_Crawl_Prefix.pch */,
				29B97316FDCFA39411CA2CEA /* main.m */,
			);
			name = "Other Sources";
			sourceTree = "<group>";
		};
		29B97317FDCFA39411CA2CEA /* Resources */ = {
			isa = PBXGroup;
			children = (
				D9FFB0E3110BA8E000536EA7 /* Images */,
				28AD73870D9D96C1002E5188 /* MainWindow.xib */,
				8D1107310486CEB800E47090 /* Phone_Crawl-Info.plist */,
			);
			name = Resources;
			sourceTree = "<group>";
		};
		29B97323FDCFA39411CA2CEA /* Frameworks */ = {
			isa = PBXGroup;
			children = (
				1DF5F4DF0D08C38300B7A737 /* UIKit.framework */,
				1D30AB110D05D00D00671497 /* Foundation.framework */,
				288765070DF74369002DB57D /* CoreGraphics.framework */,
			);
			name = Frameworks;
			sourceTree = "<group>";
		};
		D931C3E21106322D0032A3DD /* Util */ = {
			isa = PBXGroup;
			children = (
				D9B55D1F11015886007173A3 /* Util.h */,
				D9B55D2011015886007173A3 /* Util.m */,
			);
			name = Util;
			sourceTree = "<group>";
		};
		D931C3E3110632350032A3DD /* Generation */ = {
			isa = PBXGroup;
			children = (
				D9B55D1D11015886007173A3 /* LevelGen.h */,
				D9B55D1E11015886007173A3 /* LevelGen.m */,
				D931C3EB110632DA0032A3DD /* ItemGen.h */,
				D931C3EC110632DA0032A3DD /* ItemGen.m */,
			);
			name = Generation;
			sourceTree = "<group>";
		};
		D931C3E4110632430032A3DD /* Engine */ = {
			isa = PBXGroup;
			children = (
				D931C3DF1106321A0032A3DD /* Engine.h */,
				D931C3E01106321A0032A3DD /* Engine.m */,
				B09D78A91107EEDC004C9922 /* Battle.h */,
				B09D78AA1107EEDC004C9922 /* Battle.m */,
			);
			name = Engine;
			sourceTree = "<group>";
		};
		D931C40511063B4D0032A3DD /* Framework */ = {
			isa = PBXGroup;
			children = (
				D931C40911063B790032A3DD /* PCBaseViewController.h */,
				D931C40A11063B790032A3DD /* PCBaseViewController.m */,
			);
			path = Framework;
			sourceTree = "<group>";
		};
		D95F3AC910FFCE5C00323446 /* UI */ = {
			isa = PBXGroup;
			children = (
				D988806B110D272C00AFFB2E /* Menu */,
				D95F3ACA10FFCE5C00323446 /* Character */,
				D95F3AD010FFCE5C00323446 /* Inventory */,
				D95F3AD410FFCE5C00323446 /* Options */,
				D95F3AD810FFCE5C00323446 /* World */,
				D95F3ACE10FFCE5C00323446 /* HomeTabViewController.h */,
				D95F3ACF10FFCE5C00323446 /* HomeTabViewController.m */,
			);
			path = UI;
			sourceTree = "<group>";
		};
		D95F3ACA10FFCE5C00323446 /* Character */ = {
			isa = PBXGroup;
			children = (
				D95F3ACB10FFCE5C00323446 /* CharacterView.h */,
				D95F3ACC10FFCE5C00323446 /* CharacterView.m */,
				D95F3ACD10FFCE5C00323446 /* CharacterView.xib */,
			);
			path = Character;
			sourceTree = "<group>";
		};
		D95F3AD010FFCE5C00323446 /* Inventory */ = {
			isa = PBXGroup;
			children = (
				D95F3AD110FFCE5C00323446 /* InventoryView.h */,
				D95F3AD210FFCE5C00323446 /* InventoryView.m */,
				D95F3AD310FFCE5C00323446 /* InventoryView.xib */,
			);
			path = Inventory;
			sourceTree = "<group>";
		};
		D95F3AD410FFCE5C00323446 /* Options */ = {
			isa = PBXGroup;
			children = (
				D95F3AD510FFCE5C00323446 /* OptionsView.h */,
				D95F3AD610FFCE5C00323446 /* OptionsView.m */,
				D95F3AD710FFCE5C00323446 /* OptionsView.xib */,
			);
			path = Options;
			sourceTree = "<group>";
		};
		D95F3AD810FFCE5C00323446 /* World */ = {
			isa = PBXGroup;
			children = (
				D95F3AD910FFCE5C00323446 /* WorldView.h */,
				D95F3ADA10FFCE5C00323446 /* WorldView.m */,
				D95F3ADB10FFCE5C00323446 /* WorldView.xib */,
			);
			path = World;
			sourceTree = "<group>";
		};
		D95F3AEE10FFCECF00323446 /* Classes */ = {
			isa = PBXGroup;
			children = (
				D931C3E4110632430032A3DD /* Engine */,
				D931C3E3110632350032A3DD /* Generation */,
				D931C3E21106322D0032A3DD /* Util */,
				D95F3AF110FFCECF00323446 /* Phone_CrawlAppDelegate.h */,
				D95F3AF210FFCECF00323446 /* Phone_CrawlAppDelegate.m */,
			);
			path = Classes;
			sourceTree = "<group>";
		};
		D988806B110D272C00AFFB2E /* Menu */ = {
			isa = PBXGroup;
			children = (
				D988806D110D273C00AFFB2E /* MainMenu.h */,
				D988806E110D273C00AFFB2E /* MainMenu.m */,
				D988806F110D273C00AFFB2E /* MainMenu.xib */,
				D988808F110D55B800AFFB2E /* CharacterCreation.h */,
				D9888090110D55B800AFFB2E /* CharacterCreation.m */,
				D9888091110D55B800AFFB2E /* CharacterCreation.xib */,
			);
			path = Menu;
			sourceTree = "<group>";
		};
		D98DDFE110FD025E0096B5C4 /* PhoneCrawl */ = {
			isa = PBXGroup;
			children = (
				D931C40511063B4D0032A3DD /* Framework */,
				D9B55D1911015878007173A3 /* Data */,
				D95F3AC910FFCE5C00323446 /* UI */,
				D95F3AEE10FFCECF00323446 /* Classes */,
			);
			name = PhoneCrawl;
			sourceTree = "<group>";
		};
		D9B55D1911015878007173A3 /* Data */ = {
			isa = PBXGroup;
			children = (
				D9EBB8EC1106889100C34836 /* Item */,
				D9EBB8EB1106887F00C34836 /* Creature */,
				D9EBB8EA1106887700C34836 /* Level */,
			);
			path = Data;
			sourceTree = "<group>";
		};
		D9EBB8EA1106887700C34836 /* Level */ = {
			isa = PBXGroup;
			children = (
				D9B55D1A11015878007173A3 /* Dungeon.h */,
				D9B55D1B11015878007173A3 /* Dungeon.m */,
				D9EBB8ED110688A800C34836 /* Tile.h */,
				D9EBB8EE110688A800C34836 /* Tile.m */,
			);
			name = Level;
			sourceTree = "<group>";
		};
		D9EBB8EB1106887F00C34836 /* Creature */ = {
			isa = PBXGroup;
			children = (
				D931C3E5110632A00032A3DD /* Creature.h */,
				D931C3E6110632A00032A3DD /* Creature.m */,
			);
			name = Creature;
			sourceTree = "<group>";
		};
		D9EBB8EC1106889100C34836 /* Item */ = {
			isa = PBXGroup;
			children = (
				D931C3E8110632B60032A3DD /* Item.h */,
				D931C3E9110632B60032A3DD /* Item.m */,
			);
			name = Item;
			sourceTree = "<group>";
		};
		D9FFB0E3110BA8E000536EA7 /* Images */ = {
			isa = PBXGroup;
			children = (
				D9888095110D56C300AFFB2E /* BB Watershed 8-03 003.jpg */,
				D9888073110D3E7100AFFB2E /* wcrftbkgrd.png */,
				D9887FE9110D0E6200AFFB2E /* 1elf-warrior-elvina-1.jpg */,
				D9FFB0E4110BA8E000536EA7 /* Consumable */,
				D9FFB0F1110BA8E000536EA7 /* Equipable */,
				D9FFB102110BA8E000536EA7 /* FloorTile */,
				D9FFB117110BA8E000536EA7 /* old walls */,
				D9FFB115110BA8E000536EA7 /* human.png */,
				D9FFB116110BA8E000536EA7 /* human1.png */,
			);
			path = Images;
			sourceTree = "<group>";
		};
		D9FFB0E4110BA8E000536EA7 /* Consumable */ = {
			isa = PBXGroup;
			children = (
				D9FFB0E5110BA8E000536EA7 /* potion-brown.png */,
				D9FFB0E6110BA8E000536EA7 /* potion-green.png */,
				D9FFB0E7110BA8E000536EA7 /* potion-purple.png */,
				D9FFB0E8110BA8E000536EA7 /* potion-red.png */,
				D9FFB0E9110BA8E000536EA7 /* potion-white.png */,
				D9FFB0EA110BA8E000536EA7 /* rope.png */,
				D9FFB0EB110BA8E000536EA7 /* scroll-book.png */,
				D9FFB0EC110BA8E000536EA7 /* scroll1.png */,
				D9FFB0ED110BA8E000536EA7 /* scroll2.png */,
				D9FFB0EE110BA8E000536EA7 /* wand1.png */,
				D9FFB0EF110BA8E000536EA7 /* wand2.png */,
				D9FFB0F0110BA8E000536EA7 /* wand3.png */,
			);
			path = Consumable;
			sourceTree = "<group>";
		};
		D9FFB0F1110BA8E000536EA7 /* Equipable */ = {
			isa = PBXGroup;
			children = (
				D9FFB0F2110BA8E000536EA7 /* armor-heavy.png */,
				D9FFB0F3110BA8E000536EA7 /* armor-light.png */,
				D9FFB0F4110BA8E000536EA7 /* bow.png */,
				D9FFB0F5110BA8E000536EA7 /* cloak-blue.png */,
				D9FFB0F6110BA8E000536EA7 /* cloak-grey.png */,
				D9FFB0F7110BA8E000536EA7 /* cloak-red.png */,
				D9FFB0F8110BA8E000536EA7 /* dagger.png */,
				D9FFB0F9110BA8E000536EA7 /* ring-blue.png */,
				D9FFB0FA110BA8E000536EA7 /* ring-gold.png */,
				D9FFB0FB110BA8E000536EA7 /* ring-green.png */,
				D9FFB0FC110BA8E000536EA7 /* ring-pearl.png */,
				D9FFB0FD110BA8E000536EA7 /* ring-red.png */,
				D9FFB0FE110BA8E000536EA7 /* shield.png */,
				D9FFB0FF110BA8E000536EA7 /* shield1.png */,
				D9FFB100110BA8E000536EA7 /* staff.png */,
				D9FFB101110BA8E000536EA7 /* sworddual.png */,
			);
			path = Equipable;
			sourceTree = "<group>";
		};
		D9FFB102110BA8E000536EA7 /* FloorTile */ = {
			isa = PBXGroup;
			children = (
				D9FFB103110BA8E000536EA7 /* BlackSquare.png */,
				D9FFB104110BA8E000536EA7 /* concrete.png */,
				D9FFB105110BA8E000536EA7 /* dirt.png */,
				D9FFB106110BA8E000536EA7 /* grass.png */,
				D9FFB107110BA8E000536EA7 /* wall-door-vertical.png */,
				D9FFB108110BA8E000536EA7 /* wall-door.png */,
				D9FFB109110BA8E000536EA7 /* wallv2-300.png */,
				D9FFB10A110BA8E000536EA7 /* wallv2-330.png */,
				D9FFB10B110BA8E000536EA7 /* wallv2-900.png */,
				D9FFB10C110BA8E000536EA7 /* wallv2-930.png */,
				D9FFB10D110BA8E000536EA7 /* wallv2-cross.png */,
				D9FFB10E110BA8E000536EA7 /* wallv2-E.png */,
				D9FFB10F110BA8E000536EA7 /* wallv2-H.png */,
				D9FFB110110BA8E000536EA7 /* wallv2-horizontal.png */,
				D9FFB111110BA8E000536EA7 /* wallv2-T.png */,
				D9FFB112110BA8E000536EA7 /* wallv2-Tinverted.png */,
				D9FFB113110BA8E000536EA7 /* wallv2-vertical.png */,
				D9FFB114110BA8E000536EA7 /* wood.png */,
			);
			path = FloorTile;
			sourceTree = "<group>";
		};
		D9FFB117110BA8E000536EA7 /* old walls */ = {
			isa = PBXGroup;
			children = (
				D9FFB118110BA8E000536EA7 /* wall-stone-bottomleft.png */,
				D9FFB119110BA8E000536EA7 /* wall-stone-bottomright.png */,
				D9FFB11A110BA8E000536EA7 /* wall-stone-crumbling.png */,
				D9FFB11B110BA8E000536EA7 /* wall-stone-left.png */,
				D9FFB11C110BA8E000536EA7 /* wall-stone-right.png */,
				D9FFB11D110BA8E000536EA7 /* wall-stone-topleft.png */,
				D9FFB11E110BA8E000536EA7 /* wall-stone-topright.png */,
				D9FFB11F110BA8E000536EA7 /* wall-stone.png */,
			);
			path = "old walls";
			sourceTree = "<group>";
		};
/* End PBXGroup section */

/* Begin PBXNativeTarget section */
		1D6058900D05DD3D006BFB54 /* Phone-Crawl */ = {
			isa = PBXNativeTarget;
			buildConfigurationList = 1D6058960D05DD3E006BFB54 /* Build configuration list for PBXNativeTarget "Phone-Crawl" */;
			buildPhases = (
				1D60588D0D05DD3D006BFB54 /* Resources */,
				1D60588E0D05DD3D006BFB54 /* Sources */,
				1D60588F0D05DD3D006BFB54 /* Frameworks */,
			);
			buildRules = (
			);
			dependencies = (
			);
			name = "Phone-Crawl";
			productName = "Phone-Crawl";
			productReference = 1D6058910D05DD3D006BFB54 /* Phone-Crawl.app */;
			productType = "com.apple.product-type.application";
		};
/* End PBXNativeTarget section */

/* Begin PBXProject section */
		29B97313FDCFA39411CA2CEA /* Project object */ = {
			isa = PBXProject;
			buildConfigurationList = C01FCF4E08A954540054247B /* Build configuration list for PBXProject "Phone-Crawl" */;
			compatibilityVersion = "Xcode 3.1";
			hasScannedForEncodings = 1;
			mainGroup = 29B97314FDCFA39411CA2CEA /* Phone-Crawl */;
			projectDirPath = "";
			projectRoot = "";
			targets = (
				1D6058900D05DD3D006BFB54 /* Phone-Crawl */,
			);
		};
/* End PBXProject section */

/* Begin PBXResourcesBuildPhase section */
		1D60588D0D05DD3D006BFB54 /* Resources */ = {
			isa = PBXResourcesBuildPhase;
			buildActionMask = 2147483647;
			files = (
				28AD73880D9D96C1002E5188 /* MainWindow.xib in Resources */,
				D95F3ADD10FFCE5C00323446 /* CharacterView.xib in Resources */,
				D95F3AE010FFCE5C00323446 /* InventoryView.xib in Resources */,
				D95F3AE210FFCE5C00323446 /* OptionsView.xib in Resources */,
				D95F3AE410FFCE5C00323446 /* WorldView.xib in Resources */,
				D9FFB120110BA8E000536EA7 /* potion-brown.png in Resources */,
				D9FFB121110BA8E000536EA7 /* potion-green.png in Resources */,
				D9FFB122110BA8E000536EA7 /* potion-purple.png in Resources */,
				D9FFB123110BA8E000536EA7 /* potion-red.png in Resources */,
				D9FFB124110BA8E000536EA7 /* potion-white.png in Resources */,
				D9FFB125110BA8E000536EA7 /* rope.png in Resources */,
				D9FFB126110BA8E000536EA7 /* scroll-book.png in Resources */,
				D9FFB127110BA8E000536EA7 /* scroll1.png in Resources */,
				D9FFB128110BA8E000536EA7 /* scroll2.png in Resources */,
				D9FFB129110BA8E000536EA7 /* wand1.png in Resources */,
				D9FFB12A110BA8E000536EA7 /* wand2.png in Resources */,
				D9FFB12B110BA8E000536EA7 /* wand3.png in Resources */,
				D9FFB12C110BA8E000536EA7 /* armor-heavy.png in Resources */,
				D9FFB12D110BA8E000536EA7 /* armor-light.png in Resources */,
				D9FFB12E110BA8E000536EA7 /* bow.png in Resources */,
				D9FFB12F110BA8E000536EA7 /* cloak-blue.png in Resources */,
				D9FFB130110BA8E000536EA7 /* cloak-grey.png in Resources */,
				D9FFB131110BA8E000536EA7 /* cloak-red.png in Resources */,
				D9FFB132110BA8E000536EA7 /* dagger.png in Resources */,
				D9FFB133110BA8E000536EA7 /* ring-blue.png in Resources */,
				D9FFB134110BA8E000536EA7 /* ring-gold.png in Resources */,
				D9FFB135110BA8E000536EA7 /* ring-green.png in Resources */,
				D9FFB136110BA8E000536EA7 /* ring-pearl.png in Resources */,
				D9FFB137110BA8E000536EA7 /* ring-red.png in Resources */,
				D9FFB138110BA8E000536EA7 /* shield.png in Resources */,
				D9FFB139110BA8E000536EA7 /* shield1.png in Resources */,
				D9FFB13A110BA8E000536EA7 /* staff.png in Resources */,
				D9FFB13B110BA8E000536EA7 /* sworddual.png in Resources */,
				D9FFB13C110BA8E000536EA7 /* BlackSquare.png in Resources */,
				D9FFB13D110BA8E000536EA7 /* concrete.png in Resources */,
				D9FFB13E110BA8E000536EA7 /* dirt.png in Resources */,
				D9FFB13F110BA8E000536EA7 /* grass.png in Resources */,
				D9FFB140110BA8E000536EA7 /* wall-door-vertical.png in Resources */,
				D9FFB141110BA8E000536EA7 /* wall-door.png in Resources */,
				D9FFB142110BA8E000536EA7 /* wallv2-300.png in Resources */,
				D9FFB143110BA8E000536EA7 /* wallv2-330.png in Resources */,
				D9FFB144110BA8E000536EA7 /* wallv2-900.png in Resources */,
				D9FFB145110BA8E000536EA7 /* wallv2-930.png in Resources */,
				D9FFB146110BA8E000536EA7 /* wallv2-cross.png in Resources */,
				D9FFB147110BA8E000536EA7 /* wallv2-E.png in Resources */,
				D9FFB148110BA8E000536EA7 /* wallv2-H.png in Resources */,
				D9FFB149110BA8E000536EA7 /* wallv2-horizontal.png in Resources */,
				D9FFB14A110BA8E000536EA7 /* wallv2-T.png in Resources */,
				D9FFB14B110BA8E000536EA7 /* wallv2-Tinverted.png in Resources */,
				D9FFB14C110BA8E000536EA7 /* wallv2-vertical.png in Resources */,
				D9FFB14D110BA8E000536EA7 /* wood.png in Resources */,
				D9FFB14E110BA8E000536EA7 /* human.png in Resources */,
				D9FFB14F110BA8E000536EA7 /* human1.png in Resources */,
				D9FFB150110BA8E000536EA7 /* wall-stone-bottomleft.png in Resources */,
				D9FFB151110BA8E000536EA7 /* wall-stone-bottomright.png in Resources */,
				D9FFB152110BA8E000536EA7 /* wall-stone-crumbling.png in Resources */,
				D9FFB153110BA8E000536EA7 /* wall-stone-left.png in Resources */,
				D9FFB154110BA8E000536EA7 /* wall-stone-right.png in Resources */,
				D9FFB155110BA8E000536EA7 /* wall-stone-topleft.png in Resources */,
				D9FFB156110BA8E000536EA7 /* wall-stone-topright.png in Resources */,
				D9FFB157110BA8E000536EA7 /* wall-stone.png in Resources */,
				D9887FEA110D0E6200AFFB2E /* 1elf-warrior-elvina-1.jpg in Resources */,
				D9888071110D273C00AFFB2E /* MainMenu.xib in Resources */,
				D9888074110D3E7100AFFB2E /* wcrftbkgrd.png in Resources */,
				D9888093110D55B800AFFB2E /* CharacterCreation.xib in Resources */,
				D9888096110D56C300AFFB2E /* BB Watershed 8-03 003.jpg in Resources */,
			);
			runOnlyForDeploymentPostprocessing = 0;
		};
/* End PBXResourcesBuildPhase section */

/* Begin PBXSourcesBuildPhase section */
		1D60588E0D05DD3D006BFB54 /* Sources */ = {
			isa = PBXSourcesBuildPhase;
			buildActionMask = 2147483647;
			files = (
				1D60589B0D05DD56006BFB54 /* main.m in Sources */,
				D95F3ADC10FFCE5C00323446 /* CharacterView.m in Sources */,
				D95F3ADE10FFCE5C00323446 /* HomeTabViewController.m in Sources */,
				D95F3ADF10FFCE5C00323446 /* InventoryView.m in Sources */,
				D95F3AE110FFCE5C00323446 /* OptionsView.m in Sources */,
				D95F3AE310FFCE5C00323446 /* WorldView.m in Sources */,
				D95F3AF410FFCECF00323446 /* Phone_CrawlAppDelegate.m in Sources */,
				D9B55D1C11015878007173A3 /* Dungeon.m in Sources */,
				D9B55D2111015886007173A3 /* LevelGen.m in Sources */,
				D9B55D2211015886007173A3 /* Util.m in Sources */,
				D931C3E11106321A0032A3DD /* Engine.m in Sources */,
				D931C3E7110632A00032A3DD /* Creature.m in Sources */,
				D931C3EA110632B60032A3DD /* Item.m in Sources */,
				D931C3ED110632DA0032A3DD /* ItemGen.m in Sources */,
				D931C40B11063B790032A3DD /* PCBaseViewController.m in Sources */,
				D9EBB8EF110688A800C34836 /* Tile.m in Sources */,
				B09D78AB1107EEDC004C9922 /* Battle.m in Sources */,
				D9888070110D273C00AFFB2E /* MainMenu.m in Sources */,
				D9888092110D55B800AFFB2E /* CharacterCreation.m in Sources */,
			);
			runOnlyForDeploymentPostprocessing = 0;
		};
/* End PBXSourcesBuildPhase section */

/* Begin XCBuildConfiguration section */
		1D6058940D05DD3E006BFB54 /* Debug */ = {
			isa = XCBuildConfiguration;
			buildSettings = {
				ALWAYS_SEARCH_USER_PATHS = NO;
				COPY_PHASE_STRIP = NO;
				GCC_DYNAMIC_NO_PIC = NO;
				GCC_OPTIMIZATION_LEVEL = 0;
				GCC_PRECOMPILE_PREFIX_HEADER = YES;
				GCC_PREFIX_HEADER = Phone_Crawl_Prefix.pch;
				INFOPLIST_FILE = "Phone_Crawl-Info.plist";
				PRODUCT_NAME = "Phone-Crawl";
			};
			name = Debug;
		};
		1D6058950D05DD3E006BFB54 /* Release */ = {
			isa = XCBuildConfiguration;
			buildSettings = {
				ALWAYS_SEARCH_USER_PATHS = NO;
				COPY_PHASE_STRIP = YES;
				GCC_PRECOMPILE_PREFIX_HEADER = YES;
				GCC_PREFIX_HEADER = Phone_Crawl_Prefix.pch;
				INFOPLIST_FILE = "Phone_Crawl-Info.plist";
				PRODUCT_NAME = "Phone-Crawl";
			};
			name = Release;
		};
		C01FCF4F08A954540054247B /* Debug */ = {
			isa = XCBuildConfiguration;
			buildSettings = {
				ARCHS = "$(ARCHS_STANDARD_32_BIT)";
				"CODE_SIGN_IDENTITY[sdk=iphoneos*]" = "iPhone Developer";
				GCC_C_LANGUAGE_STANDARD = c99;
				GCC_WARN_ABOUT_RETURN_TYPE = YES;
				GCC_WARN_UNUSED_VARIABLE = YES;
				PREBINDING = NO;
				SDKROOT = iphoneos3.1.2;
			};
			name = Debug;
		};
		C01FCF5008A954540054247B /* Release */ = {
			isa = XCBuildConfiguration;
			buildSettings = {
				ARCHS = "$(ARCHS_STANDARD_32_BIT)";
				"CODE_SIGN_IDENTITY[sdk=iphoneos*]" = "iPhone Developer";
				GCC_C_LANGUAGE_STANDARD = c99;
				GCC_WARN_ABOUT_RETURN_TYPE = YES;
				GCC_WARN_UNUSED_VARIABLE = YES;
				PREBINDING = NO;
				SDKROOT = iphoneos3.1.2;
			};
			name = Release;
		};
/* End XCBuildConfiguration section */

/* Begin XCConfigurationList section */
		1D6058960D05DD3E006BFB54 /* Build configuration list for PBXNativeTarget "Phone-Crawl" */ = {
			isa = XCConfigurationList;
			buildConfigurations = (
				1D6058940D05DD3E006BFB54 /* Debug */,
				1D6058950D05DD3E006BFB54 /* Release */,
			);
			defaultConfigurationIsVisible = 0;
			defaultConfigurationName = Release;
		};
		C01FCF4E08A954540054247B /* Build configuration list for PBXProject "Phone-Crawl" */ = {
			isa = XCConfigurationList;
			buildConfigurations = (
				C01FCF4F08A954540054247B /* Debug */,
				C01FCF5008A954540054247B /* Release */,
			);
			defaultConfigurationIsVisible = 0;
			defaultConfigurationName = Release;
		};
/* End XCConfigurationList section */
	};
	rootObject = 29B97313FDCFA39411CA2CEA /* Project object */;
}
